
Microsoft Visual Studio Solution File, Format Version 12.00
# Visual Studio 15
VisualStudioVersion = 15.0.28010.2016
MinimumVisualStudioVersion = 10.0.40219.1
Project("{FAE04EC0-301F-11D3-BF4B-00C04F79EFBC}") = "SMT Web Form", "SMT Web Form.csproj", "{493B80AB-C435-4865-BDE2-B566C5D1817A}"
EndProject
Global
	GlobalSection(SolutionConfigurationPlatforms) = preSolution
		Debug|Any CPU = Debug|Any CPU
		Release|Any CPU = Release|Any CPU
	EndGlobalSection
	GlobalSection(ProjectConfigurationPlatforms) = postSolution
		{493B80AB-C435-4865-BDE2-B566C5D1817A}.Debug|Any CPU.ActiveCfg = Debug|Any CPU
		{493B80AB-C435-4865-BDE2-B566C5D1817A}.Debug|Any CPU.Build.0 = Debug|Any CPU
		{493B80AB-C435-4865-BDE2-B566C5D1817A}.Release|Any CPU.ActiveCfg = Release|Any CPU
		{493B80AB-C435-4865-BDE2-B566C5D1817A}.Release|Any CPU.Build.0 = Release|Any CPU
	EndGlobalSection
	GlobalSection(SolutionProperties) = preSolution
		HideSolutionNode = FALSE
	EndGlobalSection
	GlobalSection(ExtensibilityGlobals) = postSolution
		SolutionGuid = {75A954D2-4988-4084-A44D-59DDC26A08E4}
	EndGlobalSection
EndGlobal
